
Microsoft Visual Studio Solution File, Format Version 12.00
Project("{FAE04EC0-301F-11D3-BF4B-00C04F79EFBC}") = "Test-UI", "Test-UI\Test-UI.csproj", "{B4E3F52A-6AD4-4690-86F5-C41BFF1DA029}"
EndProject
Global
	GlobalSection(SolutionConfigurationPlatforms) = preSolution
		Debug|Any CPU = Debug|Any CPU
		Release|Any CPU = Release|Any CPU
	EndGlobalSection
	GlobalSection(ProjectConfigurationPlatforms) = postSolution
		{B4E3F52A-6AD4-4690-86F5-C41BFF1DA029}.Debug|Any CPU.ActiveCfg = Debug|Any CPU
		{B4E3F52A-6AD4-4690-86F5-C41BFF1DA029}.Debug|Any CPU.Build.0 = Debug|Any CPU
		{B4E3F52A-6AD4-4690-86F5-C41BFF1DA029}.Release|Any CPU.ActiveCfg = Release|Any CPU
		{B4E3F52A-6AD4-4690-86F5-C41BFF1DA029}.Release|Any CPU.Build.0 = Release|Any CPU
	EndGlobalSection
EndGlobal
